
Microsoft Visual Studio Solution File, Format Version 12.00
# Visual Studio Version 16
VisualStudioVersion = 16.0.31402.337
MinimumVisualStudioVersion = 10.0.40219.1
Project("{FAE04EC0-301F-11D3-BF4B-00C04F79EFBC}") = "TestJustForTest", "TestJustForTest\TestJustForTest.csproj", "{ADDF6E38-CD52-4326-A942-7D9E7DA8267A}"
EndProject
Global
	GlobalSection(SolutionConfigurationPlatforms) = preSolution
		Debug|Any CPU = Debug|Any CPU
		Release|Any CPU = Release|Any CPU
	EndGlobalSection
	GlobalSection(ProjectConfigurationPlatforms) = postSolution
		{ADDF6E38-CD52-4326-A942-7D9E7DA8267A}.Debug|Any CPU.ActiveCfg = Debug|Any CPU
		{ADDF6E38-CD52-4326-A942-7D9E7DA8267A}.Debug|Any CPU.Build.0 = Debug|Any CPU
		{ADDF6E38-CD52-4326-A942-7D9E7DA8267A}.Release|Any CPU.ActiveCfg = Release|Any CPU
		{ADDF6E38-CD52-4326-A942-7D9E7DA8267A}.Release|Any CPU.Build.0 = Release|Any CPU
	EndGlobalSection
	GlobalSection(SolutionProperties) = preSolution
		HideSolutionNode = FALSE
	EndGlobalSection
	GlobalSection(ExtensibilityGlobals) = postSolution
		SolutionGuid = {98B1FAA7-22F0-4E7D-8AD7-23B9148962B7}
	EndGlobalSection
EndGlobal
